{
  "originHash" : "2567fe93a25d91c0bd1c387253c9216bf26a1a488a7970e16bbe0e14012391d9",
  "pins" : [
    {
      "identity" : "get",
      "kind" : "remoteSourceControl",
      "location" : "https://github.com/kean/Get",
      "state" : {
        "revision" : "74dba201ebe42e9c15c1db6ee1cc893025bbef94",
        "version" : "2.2.0"
      }
    },
    {
      "identity" : "jellyfin-sdk-swift",
      "kind" : "remoteSourceControl",
      "location" : "https://github.com/jellyfin/jellyfin-sdk-swift",
      "state" : {
        "revision" : "a0e848a7aaec55991610818de6128b15cfcec725",
        "version" : "0.4.0"
      }
    },
    {
      "identity" : "sqlite.swift",
      "kind" : "remoteSourceControl",
      "location" : "https://github.com/stephencelis/SQLite.swift",
      "state" : {
        "revision" : "a95fc6df17d108bd99210db5e8a9bac90fe984b8",
        "version" : "0.15.3"
      }
    },
    {
      "identity" : "unifiedblurhash",
      "kind" : "remoteSourceControl",
      "location" : "https://github.com/iankoex/UnifiedBlurHash",
      "state" : {
        "revision" : "39d18f3526c62e950c97090aac75d5dac1de9b21",
        "version" : "1.0.3"
      }
    },
    {
      "identity" : "urlqueryencoder",
      "kind" : "remoteSourceControl",
      "location" : "https://github.com/CreateAPI/URLQueryEncoder",
      "state" : {
        "revision" : "4ce950479707ea109f229d7230ec074a133b15d7",
        "version" : "0.2.1"
      }
    }
  ],
  "version" : 3
}
